
Microsoft Visual Studio Solution File, Format Version 12.00
# Visual Studio Version 16
VisualStudioVersion = 16.0.31005.135
MinimumVisualStudioVersion = 10.0.40219.1
Project("{9A19103F-16F7-4668-BE54-9A1E7A4F7556}") = "BinaryFormatterVunerabilities", "Console\BinaryFormatterVunerabilities.csproj", "{DB0F6F5E-10C2-4F25-A58E-C12785AAA065}"
EndProject
Global
	GlobalSection(SolutionConfigurationPlatforms) = preSolution
		Debug|Any CPU = Debug|Any CPU
		Release|Any CPU = Release|Any CPU
	EndGlobalSection
	GlobalSection(ProjectConfigurationPlatforms) = postSolution
		{DB0F6F5E-10C2-4F25-A58E-C12785AAA065}.Debug|Any CPU.ActiveCfg = Debug|Any CPU
		{DB0F6F5E-10C2-4F25-A58E-C12785AAA065}.Debug|Any CPU.Build.0 = Debug|Any CPU
		{DB0F6F5E-10C2-4F25-A58E-C12785AAA065}.Release|Any CPU.ActiveCfg = Release|Any CPU
		{DB0F6F5E-10C2-4F25-A58E-C12785AAA065}.Release|Any CPU.Build.0 = Release|Any CPU
	EndGlobalSection
	GlobalSection(SolutionProperties) = preSolution
		HideSolutionNode = FALSE
	EndGlobalSection
	GlobalSection(ExtensibilityGlobals) = postSolution
		SolutionGuid = {A4A07D79-B91A-4128-A997-A9A77A80DD9A}
	EndGlobalSection
EndGlobal
